// !$*UTF8*$!
{
	archiveVersion = 1;
	classes = {
	};
	objectVersion = 46;
	objects = {

/* Begin PBXBuildFile section */
		8D5562F8209B93180072091B /* MilkViewController.swift in Sources */ = {isa = PBXBuildFile; fileRef = 8D5562F7209B93180072091B /* MilkViewController.swift */; };
		8D5562FA209B9BC00072091B /* MilkDetailViewController.swift in Sources */ = {isa = PBXBuildFile; fileRef = 8D5562F9209B9BC00072091B /* MilkDetailViewController.swift */; };
		8D56A3DA209C96B1000EE2B5 /* CartViewController.swift in Sources */ = {isa = PBXBuildFile; fileRef = 8D56A3D9209C96B1000EE2B5 /* CartViewController.swift */; };
		8D56A3DC209C96CA000EE2B5 /* PaymentAddressViewController.swift in Sources */ = {isa = PBXBuildFile; fileRef = 8D56A3DB209C96CA000EE2B5 /* PaymentAddressViewController.swift */; };
		8D56A3DE209C96F8000EE2B5 /* PaymentDetailsViewController.swift in Sources */ = {isa = PBXBuildFile; fileRef = 8D56A3DD209C96F8000EE2B5 /* PaymentDetailsViewController.swift */; };
		8D56A3E2209C974D000EE2B5 /* FinalPaymentTableViewController.swift in Sources */ = {isa = PBXBuildFile; fileRef = 8D56A3E1209C974D000EE2B5 /* FinalPaymentTableViewController.swift */; };
		8D56A3E6209D73DF000EE2B5 /* LaunchViewController.swift in Sources */ = {isa = PBXBuildFile; fileRef = 8D56A3E5209D73DF000EE2B5 /* LaunchViewController.swift */; };
		8D886D9D2099BE2200EE6FE6 /* DairyAndEggsViewController.swift in Sources */ = {isa = PBXBuildFile; fileRef = 8D886D9C2099BE2200EE6FE6 /* DairyAndEggsViewController.swift */; };
		8D886D9F2099C59000EE6FE6 /* BreadViewController.swift in Sources */ = {isa = PBXBuildFile; fileRef = 8D886D9E2099C59000EE6FE6 /* BreadViewController.swift */; };
		8D886DA12099C5AC00EE6FE6 /* VegetablesAndFruitsViewController.swift in Sources */ = {isa = PBXBuildFile; fileRef = 8D886DA02099C5AC00EE6FE6 /* VegetablesAndFruitsViewController.swift */; };
		8D886DA32099C5C700EE6FE6 /* FoodCupboardViewController.swift in Sources */ = {isa = PBXBuildFile; fileRef = 8D886DA22099C5C700EE6FE6 /* FoodCupboardViewController.swift */; };
		8D886DA52099C5DB00EE6FE6 /* FrozenFoodViewController.swift in Sources */ = {isa = PBXBuildFile; fileRef = 8D886DA42099C5DB00EE6FE6 /* FrozenFoodViewController.swift */; };
		8D886DA72099C5E400EE6FE6 /* MeatViewController.swift in Sources */ = {isa = PBXBuildFile; fileRef = 8D886DA62099C5E400EE6FE6 /* MeatViewController.swift */; };
		8D886DA92099C60600EE6FE6 /* DrinkAndBeveragesViewController.swift in Sources */ = {isa = PBXBuildFile; fileRef = 8D886DA82099C60600EE6FE6 /* DrinkAndBeveragesViewController.swift */; };
		8D886DAB2099C61100EE6FE6 /* SnacksViewController.swift in Sources */ = {isa = PBXBuildFile; fileRef = 8D886DAA2099C61100EE6FE6 /* SnacksViewController.swift */; };
		8DE7CE2B20977B5D00BCD8DC /* LoginViewController.swift in Sources */ = {isa = PBXBuildFile; fileRef = 8DE7CE2A20977B5D00BCD8DC /* LoginViewController.swift */; };
		8DE7CE2D20977F9A00BCD8DC /* SignInViewController.swift in Sources */ = {isa = PBXBuildFile; fileRef = 8DE7CE2C20977F9A00BCD8DC /* SignInViewController.swift */; };
		8DE7CE2F20977FB900BCD8DC /* SignUpViewController.swift in Sources */ = {isa = PBXBuildFile; fileRef = 8DE7CE2E20977FB900BCD8DC /* SignUpViewController.swift */; };
		8DE7CE3120978CEC00BCD8DC /* VerificationViewController.swift in Sources */ = {isa = PBXBuildFile; fileRef = 8DE7CE3020978CEC00BCD8DC /* VerificationViewController.swift */; };
		F47029F61A7F27DB00E30A3C /* AppDelegate.swift in Sources */ = {isa = PBXBuildFile; fileRef = F47029F51A7F27DB00E30A3C /* AppDelegate.swift */; };
		F47029FB1A7F27DB00E30A3C /* Main.storyboard in Resources */ = {isa = PBXBuildFile; fileRef = F47029F91A7F27DB00E30A3C /* Main.storyboard */; };
		F47029FD1A7F27DB00E30A3C /* Images.xcassets in Resources */ = {isa = PBXBuildFile; fileRef = F47029FC1A7F27DB00E30A3C /* Images.xcassets */; };
		F4702A001A7F27DC00E30A3C /* LaunchScreen.xib in Resources */ = {isa = PBXBuildFile; fileRef = F47029FE1A7F27DB00E30A3C /* LaunchScreen.xib */; };
		F4702A0C1A7F27DC00E30A3C /* SidebarMenuTests.swift in Sources */ = {isa = PBXBuildFile; fileRef = F4702A0B1A7F27DC00E30A3C /* SidebarMenuTests.swift */; };
		F4702A161A7F342F00E30A3C /* MapKit.framework in Frameworks */ = {isa = PBXBuildFile; fileRef = F4702A151A7F342F00E30A3C /* MapKit.framework */; };
		F4702A181A7F351C00E30A3C /* MenuController.swift in Sources */ = {isa = PBXBuildFile; fileRef = F4702A171A7F351C00E30A3C /* MenuController.swift */; };
		F491E74A1A7F4B300026528E /* NewsTableViewController.swift in Sources */ = {isa = PBXBuildFile; fileRef = F491E7491A7F4B300026528E /* NewsTableViewController.swift */; };
		F491E74C1A7F4C630026528E /* NewsTableViewCell.swift in Sources */ = {isa = PBXBuildFile; fileRef = F491E74B1A7F4C630026528E /* NewsTableViewCell.swift */; };
		F491E7531A7F7DF20026528E /* MapViewController.swift in Sources */ = {isa = PBXBuildFile; fileRef = F491E7521A7F7DF20026528E /* MapViewController.swift */; };
		F491E7551A7F7E010026528E /* PhotoViewController.swift in Sources */ = {isa = PBXBuildFile; fileRef = F491E7541A7F7E010026528E /* PhotoViewController.swift */; };
		F4D750181BD38F0C009E1003 /* SWRevealViewController.m in Sources */ = {isa = PBXBuildFile; fileRef = F4D750171BD38F0C009E1003 /* SWRevealViewController.m */; };
/* End PBXBuildFile section */

/* Begin PBXContainerItemProxy section */
		F4702A061A7F27DC00E30A3C /* PBXContainerItemProxy */ = {
			isa = PBXContainerItemProxy;
			containerPortal = F47029E81A7F27DB00E30A3C /* Project object */;
			proxyType = 1;
			remoteGlobalIDString = F47029EF1A7F27DB00E30A3C;
			remoteInfo = SidebarMenu;
		};
/* End PBXContainerItemProxy section */

/* Begin PBXFileReference section */
		8D5562F7209B93180072091B /* MilkViewController.swift */ = {isa = PBXFileReference; lastKnownFileType = sourcecode.swift; path = MilkViewController.swift; sourceTree = "<group>"; };
		8D5562F9209B9BC00072091B /* MilkDetailViewController.swift */ = {isa = PBXFileReference; lastKnownFileType = sourcecode.swift; path = MilkDetailViewController.swift; sourceTree = "<group>"; };
		8D56A3D9209C96B1000EE2B5 /* CartViewController.swift */ = {isa = PBXFileReference; lastKnownFileType = sourcecode.swift; path = CartViewController.swift; sourceTree = "<group>"; };
		8D56A3DB209C96CA000EE2B5 /* PaymentAddressViewController.swift */ = {isa = PBXFileReference; lastKnownFileType = sourcecode.swift; path = PaymentAddressViewController.swift; sourceTree = "<group>"; };
		8D56A3DD209C96F8000EE2B5 /* PaymentDetailsViewController.swift */ = {isa = PBXFileReference; lastKnownFileType = sourcecode.swift; path = PaymentDetailsViewController.swift; sourceTree = "<group>"; };
		8D56A3E1209C974D000EE2B5 /* FinalPaymentTableViewController.swift */ = {isa = PBXFileReference; lastKnownFileType = sourcecode.swift; path = FinalPaymentTableViewController.swift; sourceTree = "<group>"; };
		8D56A3E5209D73DF000EE2B5 /* LaunchViewController.swift */ = {isa = PBXFileReference; lastKnownFileType = sourcecode.swift; path = LaunchViewController.swift; sourceTree = "<group>"; };
		8D886D9C2099BE2200EE6FE6 /* DairyAndEggsViewController.swift */ = {isa = PBXFileReference; lastKnownFileType = sourcecode.swift; path = DairyAndEggsViewController.swift; sourceTree = "<group>"; };
		8D886D9E2099C59000EE6FE6 /* BreadViewController.swift */ = {isa = PBXFileReference; lastKnownFileType = sourcecode.swift; path = BreadViewController.swift; sourceTree = "<group>"; };
		8D886DA02099C5AC00EE6FE6 /* VegetablesAndFruitsViewController.swift */ = {isa = PBXFileReference; lastKnownFileType = sourcecode.swift; path = VegetablesAndFruitsViewController.swift; sourceTree = "<group>"; };
		8D886DA22099C5C700EE6FE6 /* FoodCupboardViewController.swift */ = {isa = PBXFileReference; lastKnownFileType = sourcecode.swift; path = FoodCupboardViewController.swift; sourceTree = "<group>"; };
		8D886DA42099C5DB00EE6FE6 /* FrozenFoodViewController.swift */ = {isa = PBXFileReference; lastKnownFileType = sourcecode.swift; path = FrozenFoodViewController.swift; sourceTree = "<group>"; };
		8D886DA62099C5E400EE6FE6 /* MeatViewController.swift */ = {isa = PBXFileReference; lastKnownFileType = sourcecode.swift; path = MeatViewController.swift; sourceTree = "<group>"; };
		8D886DA82099C60600EE6FE6 /* DrinkAndBeveragesViewController.swift */ = {isa = PBXFileReference; lastKnownFileType = sourcecode.swift; path = DrinkAndBeveragesViewController.swift; sourceTree = "<group>"; };
		8D886DAA2099C61100EE6FE6 /* SnacksViewController.swift */ = {isa = PBXFileReference; lastKnownFileType = sourcecode.swift; path = SnacksViewController.swift; sourceTree = "<group>"; };
		8DE7CE2A20977B5D00BCD8DC /* LoginViewController.swift */ = {isa = PBXFileReference; lastKnownFileType = sourcecode.swift; path = LoginViewController.swift; sourceTree = "<group>"; };
		8DE7CE2C20977F9A00BCD8DC /* SignInViewController.swift */ = {isa = PBXFileReference; lastKnownFileType = sourcecode.swift; path = SignInViewController.swift; sourceTree = "<group>"; };
		8DE7CE2E20977FB900BCD8DC /* SignUpViewController.swift */ = {isa = PBXFileReference; lastKnownFileType = sourcecode.swift; path = SignUpViewController.swift; sourceTree = "<group>"; };
		8DE7CE3020978CEC00BCD8DC /* VerificationViewController.swift */ = {isa = PBXFileReference; lastKnownFileType = sourcecode.swift; path = VerificationViewController.swift; sourceTree = "<group>"; };
		F47029F01A7F27DB00E30A3C /* SidebarMenu.app */ = {isa = PBXFileReference; explicitFileType = wrapper.application; includeInIndex = 0; path = SidebarMenu.app; sourceTree = BUILT_PRODUCTS_DIR; };
		F47029F41A7F27DB00E30A3C /* Info.plist */ = {isa = PBXFileReference; lastKnownFileType = text.plist.xml; path = Info.plist; sourceTree = "<group>"; };
		F47029F51A7F27DB00E30A3C /* AppDelegate.swift */ = {isa = PBXFileReference; lastKnownFileType = sourcecode.swift; path = AppDelegate.swift; sourceTree = "<group>"; };
		F47029FA1A7F27DB00E30A3C /* Base */ = {isa = PBXFileReference; lastKnownFileType = file.storyboard; name = Base; path = Base.lproj/Main.storyboard; sourceTree = "<group>"; };
		F47029FC1A7F27DB00E30A3C /* Images.xcassets */ = {isa = PBXFileReference; lastKnownFileType = folder.assetcatalog; path = Images.xcassets; sourceTree = "<group>"; };
		F47029FF1A7F27DB00E30A3C /* Base */ = {isa = PBXFileReference; lastKnownFileType = file.xib; name = Base; path = Base.lproj/LaunchScreen.xib; sourceTree = "<group>"; };
		F4702A051A7F27DC00E30A3C /* SidebarMenuTests.xctest */ = {isa = PBXFileReference; explicitFileType = wrapper.cfbundle; includeInIndex = 0; path = SidebarMenuTests.xctest; sourceTree = BUILT_PRODUCTS_DIR; };
		F4702A0A1A7F27DC00E30A3C /* Info.plist */ = {isa = PBXFileReference; lastKnownFileType = text.plist.xml; path = Info.plist; sourceTree = "<group>"; };
		F4702A0B1A7F27DC00E30A3C /* SidebarMenuTests.swift */ = {isa = PBXFileReference; lastKnownFileType = sourcecode.swift; path = SidebarMenuTests.swift; sourceTree = "<group>"; };
		F4702A151A7F342F00E30A3C /* MapKit.framework */ = {isa = PBXFileReference; lastKnownFileType = wrapper.framework; name = MapKit.framework; path = System/Library/Frameworks/MapKit.framework; sourceTree = SDKROOT; };
		F4702A171A7F351C00E30A3C /* MenuController.swift */ = {isa = PBXFileReference; fileEncoding = 4; lastKnownFileType = sourcecode.swift; path = MenuController.swift; sourceTree = "<group>"; };
		F491E7491A7F4B300026528E /* NewsTableViewController.swift */ = {isa = PBXFileReference; fileEncoding = 4; lastKnownFileType = sourcecode.swift; path = NewsTableViewController.swift; sourceTree = "<group>"; };
		F491E74B1A7F4C630026528E /* NewsTableViewCell.swift */ = {isa = PBXFileReference; fileEncoding = 4; lastKnownFileType = sourcecode.swift; path = NewsTableViewCell.swift; sourceTree = "<group>"; };
		F491E7521A7F7DF20026528E /* MapViewController.swift */ = {isa = PBXFileReference; fileEncoding = 4; lastKnownFileType = sourcecode.swift; path = MapViewController.swift; sourceTree = "<group>"; };
		F491E7541A7F7E010026528E /* PhotoViewController.swift */ = {isa = PBXFileReference; fileEncoding = 4; lastKnownFileType = sourcecode.swift; path = PhotoViewController.swift; sourceTree = "<group>"; };
		F4D750151BD38F0C009E1003 /* SidebarMenu-Bridging-Header.h */ = {isa = PBXFileReference; lastKnownFileType = sourcecode.c.h; path = "SidebarMenu-Bridging-Header.h"; sourceTree = "<group>"; };
		F4D750161BD38F0C009E1003 /* SWRevealViewController.h */ = {isa = PBXFileReference; fileEncoding = 4; lastKnownFileType = sourcecode.c.h; path = SWRevealViewController.h; sourceTree = "<group>"; };
		F4D750171BD38F0C009E1003 /* SWRevealViewController.m */ = {isa = PBXFileReference; fileEncoding = 4; lastKnownFileType = sourcecode.c.objc; path = SWRevealViewController.m; sourceTree = "<group>"; };
/* End PBXFileReference section */

/* Begin PBXFrameworksBuildPhase section */
		F47029ED1A7F27DB00E30A3C /* Frameworks */ = {
			isa = PBXFrameworksBuildPhase;
			buildActionMask = 2147483647;
			files = (
				F4702A161A7F342F00E30A3C /* MapKit.framework in Frameworks */,
			);
			runOnlyForDeploymentPostprocessing = 0;
		};
		F4702A021A7F27DC00E30A3C /* Frameworks */ = {
			isa = PBXFrameworksBuildPhase;
			buildActionMask = 2147483647;
			files = (
			);
			runOnlyForDeploymentPostprocessing = 0;
		};
/* End PBXFrameworksBuildPhase section */

/* Begin PBXGroup section */
		8D5562F6209B92DB0072091B /* DairyAndEggsViewControllers */ = {
			isa = PBXGroup;
			children = (
				8D5562F7209B93180072091B /* MilkViewController.swift */,
				8D5562F9209B9BC00072091B /* MilkDetailViewController.swift */,
			);
			name = DairyAndEggsViewControllers;
			sourceTree = "<group>";
		};
		8D56A3D8209C967B000EE2B5 /* PaymentsViewControllers */ = {
			isa = PBXGroup;
			children = (
				8D56A3D9209C96B1000EE2B5 /* CartViewController.swift */,
				8D56A3DB209C96CA000EE2B5 /* PaymentAddressViewController.swift */,
				8D56A3DD209C96F8000EE2B5 /* PaymentDetailsViewController.swift */,
				8D56A3E1209C974D000EE2B5 /* FinalPaymentTableViewController.swift */,
			);
			name = PaymentsViewControllers;
			sourceTree = "<group>";
		};
		8D886D9B2099BDD600EE6FE6 /* HomeScreenViewControllers */ = {
			isa = PBXGroup;
			children = (
				8D886D9C2099BE2200EE6FE6 /* DairyAndEggsViewController.swift */,
				8D886D9E2099C59000EE6FE6 /* BreadViewController.swift */,
				8D886DA02099C5AC00EE6FE6 /* VegetablesAndFruitsViewController.swift */,
				8D886DA22099C5C700EE6FE6 /* FoodCupboardViewController.swift */,
				8D886DA42099C5DB00EE6FE6 /* FrozenFoodViewController.swift */,
				8D886DA62099C5E400EE6FE6 /* MeatViewController.swift */,
				8D886DA82099C60600EE6FE6 /* DrinkAndBeveragesViewController.swift */,
				8D886DAA2099C61100EE6FE6 /* SnacksViewController.swift */,
			);
			name = HomeScreenViewControllers;
			sourceTree = "<group>";
		};
		8DE7CE3220978F6A00BCD8DC /* Images */ = {
			isa = PBXGroup;
			children = (
			);
			name = Images;
			sourceTree = "<group>";
		};
		F47029E71A7F27DB00E30A3C = {
			isa = PBXGroup;
			children = (
				F4702A151A7F342F00E30A3C /* MapKit.framework */,
				F47029F21A7F27DB00E30A3C /* SidebarMenu */,
				F4702A081A7F27DC00E30A3C /* SidebarMenuTests */,
				F47029F11A7F27DB00E30A3C /* Products */,
			);
			sourceTree = "<group>";
		};
		F47029F11A7F27DB00E30A3C /* Products */ = {
			isa = PBXGroup;
			children = (
				F47029F01A7F27DB00E30A3C /* SidebarMenu.app */,
				F4702A051A7F27DC00E30A3C /* SidebarMenuTests.xctest */,
			);
			name = Products;
			sourceTree = "<group>";
		};
		F47029F21A7F27DB00E30A3C /* SidebarMenu */ = {
			isa = PBXGroup;
			children = (
				8D56A3D8209C967B000EE2B5 /* PaymentsViewControllers */,
				8D5562F6209B92DB0072091B /* DairyAndEggsViewControllers */,
				8D886D9B2099BDD600EE6FE6 /* HomeScreenViewControllers */,
				8DE7CE3220978F6A00BCD8DC /* Images */,
				F4D750141BD38E56009E1003 /* SWRevealViewController */,
				F47029F51A7F27DB00E30A3C /* AppDelegate.swift */,
				F47029F91A7F27DB00E30A3C /* Main.storyboard */,
				F47029FC1A7F27DB00E30A3C /* Images.xcassets */,
				F47029FE1A7F27DB00E30A3C /* LaunchScreen.xib */,
				F47029F31A7F27DB00E30A3C /* Supporting Files */,
				F4702A171A7F351C00E30A3C /* MenuController.swift */,
				F491E7491A7F4B300026528E /* NewsTableViewController.swift */,
				F491E74B1A7F4C630026528E /* NewsTableViewCell.swift */,
				F491E7521A7F7DF20026528E /* MapViewController.swift */,
				F491E7541A7F7E010026528E /* PhotoViewController.swift */,
				8DE7CE2A20977B5D00BCD8DC /* LoginViewController.swift */,
				8DE7CE2C20977F9A00BCD8DC /* SignInViewController.swift */,
				8DE7CE2E20977FB900BCD8DC /* SignUpViewController.swift */,
				8DE7CE3020978CEC00BCD8DC /* VerificationViewController.swift */,
				8D56A3E5209D73DF000EE2B5 /* LaunchViewController.swift */,
			);
			path = SidebarMenu;
			sourceTree = "<group>";
		};
		F47029F31A7F27DB00E30A3C /* Supporting Files */ = {
			isa = PBXGroup;
			children = (
				F47029F41A7F27DB00E30A3C /* Info.plist */,
			);
			name = "Supporting Files";
			sourceTree = "<group>";
		};
		F4702A081A7F27DC00E30A3C /* SidebarMenuTests */ = {
			isa = PBXGroup;
			children = (
				F4702A0B1A7F27DC00E30A3C /* SidebarMenuTests.swift */,
				F4702A091A7F27DC00E30A3C /* Supporting Files */,
			);
			path = SidebarMenuTests;
			sourceTree = "<group>";
		};
		F4702A091A7F27DC00E30A3C /* Supporting Files */ = {
			isa = PBXGroup;
			children = (
				F4702A0A1A7F27DC00E30A3C /* Info.plist */,
			);
			name = "Supporting Files";
			sourceTree = "<group>";
		};
		F4D750141BD38E56009E1003 /* SWRevealViewController */ = {
			isa = PBXGroup;
			children = (
				F4D750161BD38F0C009E1003 /* SWRevealViewController.h */,
				F4D750171BD38F0C009E1003 /* SWRevealViewController.m */,
				F4D750151BD38F0C009E1003 /* SidebarMenu-Bridging-Header.h */,
			);
			name = SWRevealViewController;
			sourceTree = "<group>";
		};
/* End PBXGroup section */

/* Begin PBXNativeTarget section */
		F47029EF1A7F27DB00E30A3C /* SidebarMenu */ = {
			isa = PBXNativeTarget;
			buildConfigurationList = F4702A0F1A7F27DC00E30A3C /* Build configuration list for PBXNativeTarget "SidebarMenu" */;
			buildPhases = (
				F47029EC1A7F27DB00E30A3C /* Sources */,
				F47029ED1A7F27DB00E30A3C /* Frameworks */,
				F47029EE1A7F27DB00E30A3C /* Resources */,
			);
			buildRules = (
			);
			dependencies = (
			);
			name = SidebarMenu;
			productName = SidebarMenu;
			productReference = F47029F01A7F27DB00E30A3C /* SidebarMenu.app */;
			productType = "com.apple.product-type.application";
		};
		F4702A041A7F27DC00E30A3C /* SidebarMenuTests */ = {
			isa = PBXNativeTarget;
			buildConfigurationList = F4702A121A7F27DC00E30A3C /* Build configuration list for PBXNativeTarget "SidebarMenuTests" */;
			buildPhases = (
				F4702A011A7F27DC00E30A3C /* Sources */,
				F4702A021A7F27DC00E30A3C /* Frameworks */,
				F4702A031A7F27DC00E30A3C /* Resources */,
			);
			buildRules = (
			);
			dependencies = (
				F4702A071A7F27DC00E30A3C /* PBXTargetDependency */,
			);
			name = SidebarMenuTests;
			productName = SidebarMenuTests;
			productReference = F4702A051A7F27DC00E30A3C /* SidebarMenuTests.xctest */;
			productType = "com.apple.product-type.bundle.unit-test";
		};
/* End PBXNativeTarget section */

/* Begin PBXProject section */
		F47029E81A7F27DB00E30A3C /* Project object */ = {
			isa = PBXProject;
			attributes = {
				LastSwiftUpdateCheck = 0700;
				LastUpgradeCheck = 0930;
				ORGANIZATIONNAME = SerajeOrg;
				TargetAttributes = {
					F47029EF1A7F27DB00E30A3C = {
						CreatedOnToolsVersion = 6.1.1;
						DevelopmentTeam = D2V899229R;
						SystemCapabilities = {
							com.apple.Maps.iOS = {
								enabled = 1;
							};
						};
					};
					F4702A041A7F27DC00E30A3C = {
						CreatedOnToolsVersion = 6.1.1;
						TestTargetID = F47029EF1A7F27DB00E30A3C;
					};
				};
			};
			buildConfigurationList = F47029EB1A7F27DB00E30A3C /* Build configuration list for PBXProject "SidebarMenu" */;
			compatibilityVersion = "Xcode 3.2";
			developmentRegion = English;
			hasScannedForEncodings = 0;
			knownRegions = (
				en,
				Base,
			);
			mainGroup = F47029E71A7F27DB00E30A3C;
			productRefGroup = F47029F11A7F27DB00E30A3C /* Products */;
			projectDirPath = "";
			projectRoot = "";
			targets = (
				F47029EF1A7F27DB00E30A3C /* SidebarMenu */,
				F4702A041A7F27DC00E30A3C /* SidebarMenuTests */,
			);
		};
/* End PBXProject section */

/* Begin PBXResourcesBuildPhase section */
		F47029EE1A7F27DB00E30A3C /* Resources */ = {
			isa = PBXResourcesBuildPhase;
			buildActionMask = 2147483647;
			files = (
				F47029FB1A7F27DB00E30A3C /* Main.storyboard in Resources */,
				F4702A001A7F27DC00E30A3C /* LaunchScreen.xib in Resources */,
				F47029FD1A7F27DB00E30A3C /* Images.xcassets in Resources */,
			);
			runOnlyForDeploymentPostprocessing = 0;
		};
		F4702A031A7F27DC00E30A3C /* Resources */ = {
			isa = PBXResourcesBuildPhase;
			buildActionMask = 2147483647;
			files = (
			);
			runOnlyForDeploymentPostprocessing = 0;
		};
/* End PBXResourcesBuildPhase section */

/* Begin PBXSourcesBuildPhase section */
		F47029EC1A7F27DB00E30A3C /* Sources */ = {
			isa = PBXSourcesBuildPhase;
			buildActionMask = 2147483647;
			files = (
				F4D750181BD38F0C009E1003 /* SWRevealViewController.m in Sources */,
				8D886DA12099C5AC00EE6FE6 /* VegetablesAndFruitsViewController.swift in Sources */,
				F4702A181A7F351C00E30A3C /* MenuController.swift in Sources */,
				8D5562F8209B93180072091B /* MilkViewController.swift in Sources */,
				F47029F61A7F27DB00E30A3C /* AppDelegate.swift in Sources */,
				8D886DA72099C5E400EE6FE6 /* MeatViewController.swift in Sources */,
				8D886DA52099C5DB00EE6FE6 /* FrozenFoodViewController.swift in Sources */,
				F491E74C1A7F4C630026528E /* NewsTableViewCell.swift in Sources */,
				8DE7CE3120978CEC00BCD8DC /* VerificationViewController.swift in Sources */,
				8DE7CE2F20977FB900BCD8DC /* SignUpViewController.swift in Sources */,
				8D56A3E2209C974D000EE2B5 /* FinalPaymentTableViewController.swift in Sources */,
				8DE7CE2B20977B5D00BCD8DC /* LoginViewController.swift in Sources */,
				8D56A3DC209C96CA000EE2B5 /* PaymentAddressViewController.swift in Sources */,
				8D56A3E6209D73DF000EE2B5 /* LaunchViewController.swift in Sources */,
				8DE7CE2D20977F9A00BCD8DC /* SignInViewController.swift in Sources */,
				8D886DA32099C5C700EE6FE6 /* FoodCupboardViewController.swift in Sources */,
				8D886DA92099C60600EE6FE6 /* DrinkAndBeveragesViewController.swift in Sources */,
				8D886D9F2099C59000EE6FE6 /* BreadViewController.swift in Sources */,
				8D56A3DE209C96F8000EE2B5 /* PaymentDetailsViewController.swift in Sources */,
				8D886D9D2099BE2200EE6FE6 /* DairyAndEggsViewController.swift in Sources */,
				F491E7531A7F7DF20026528E /* MapViewController.swift in Sources */,
				8D886DAB2099C61100EE6FE6 /* SnacksViewController.swift in Sources */,
				8D56A3DA209C96B1000EE2B5 /* CartViewController.swift in Sources */,
				F491E74A1A7F4B300026528E /* NewsTableViewController.swift in Sources */,
				8D5562FA209B9BC00072091B /* MilkDetailViewController.swift in Sources */,
				F491E7551A7F7E010026528E /* PhotoViewController.swift in Sources */,
			);
			runOnlyForDeploymentPostprocessing = 0;
		};
		F4702A011A7F27DC00E30A3C /* Sources */ = {
			isa = PBXSourcesBuildPhase;
			buildActionMask = 2147483647;
			files = (
				F4702A0C1A7F27DC00E30A3C /* SidebarMenuTests.swift in Sources */,
			);
			runOnlyForDeploymentPostprocessing = 0;
		};
/* End PBXSourcesBuildPhase section */

/* Begin PBXTargetDependency section */
		F4702A071A7F27DC00E30A3C /* PBXTargetDependency */ = {
			isa = PBXTargetDependency;
			target = F47029EF1A7F27DB00E30A3C /* SidebarMenu */;
			targetProxy = F4702A061A7F27DC00E30A3C /* PBXContainerItemProxy */;
		};
/* End PBXTargetDependency section */

/* Begin PBXVariantGroup section */
		F47029F91A7F27DB00E30A3C /* Main.storyboard */ = {
			isa = PBXVariantGroup;
			children = (
				F47029FA1A7F27DB00E30A3C /* Base */,
			);
			name = Main.storyboard;
			sourceTree = "<group>";
		};
		F47029FE1A7F27DB00E30A3C /* LaunchScreen.xib */ = {
			isa = PBXVariantGroup;
			children = (
				F47029FF1A7F27DB00E30A3C /* Base */,
			);
			name = LaunchScreen.xib;
			sourceTree = "<group>";
		};
/* End PBXVariantGroup section */

/* Begin XCBuildConfiguration section */
		F4702A0D1A7F27DC00E30A3C /* Debug */ = {
			isa = XCBuildConfiguration;
			buildSettings = {
				ALWAYS_SEARCH_USER_PATHS = NO;
				CLANG_CXX_LANGUAGE_STANDARD = "gnu++0x";
				CLANG_CXX_LIBRARY = "libc++";
				CLANG_ENABLE_MODULES = YES;
				CLANG_ENABLE_OBJC_ARC = YES;
				CLANG_WARN_BLOCK_CAPTURE_AUTORELEASING = YES;
				CLANG_WARN_BOOL_CONVERSION = YES;
				CLANG_WARN_COMMA = YES;
				CLANG_WARN_CONSTANT_CONVERSION = YES;
				CLANG_WARN_DEPRECATED_OBJC_IMPLEMENTATIONS = YES;
				CLANG_WARN_DIRECT_OBJC_ISA_USAGE = YES_ERROR;
				CLANG_WARN_EMPTY_BODY = YES;
				CLANG_WARN_ENUM_CONVERSION = YES;
				CLANG_WARN_INFINITE_RECURSION = YES;
				CLANG_WARN_INT_CONVERSION = YES;
				CLANG_WARN_NON_LITERAL_NULL_CONVERSION = YES;
				CLANG_WARN_OBJC_IMPLICIT_RETAIN_SELF = YES;
				CLANG_WARN_OBJC_LITERAL_CONVERSION = YES;
				CLANG_WARN_OBJC_ROOT_CLASS = YES_ERROR;
				CLANG_WARN_RANGE_LOOP_ANALYSIS = YES;
				CLANG_WARN_STRICT_PROTOTYPES = YES;
				CLANG_WARN_SUSPICIOUS_MOVE = YES;
				CLANG_WARN_UNREACHABLE_CODE = YES;
				CLANG_WARN__DUPLICATE_METHOD_MATCH = YES;
				"CODE_SIGN_IDENTITY[sdk=iphoneos*]" = "iPhone Developer";
				COPY_PHASE_STRIP = NO;
				ENABLE_STRICT_OBJC_MSGSEND = YES;
				ENABLE_TESTABILITY = YES;
				GCC_C_LANGUAGE_STANDARD = gnu99;
				GCC_DYNAMIC_NO_PIC = NO;
				GCC_NO_COMMON_BLOCKS = YES;
				GCC_OPTIMIZATION_LEVEL = 0;
				GCC_PREPROCESSOR_DEFINITIONS = (
					"DEBUG=1",
					"$(inherited)",
				);
				GCC_SYMBOLS_PRIVATE_EXTERN = NO;
				GCC_WARN_64_TO_32_BIT_CONVERSION = YES;
				GCC_WARN_ABOUT_RETURN_TYPE = YES_ERROR;
				GCC_WARN_UNDECLARED_SELECTOR = YES;
				GCC_WARN_UNINITIALIZED_AUTOS = YES_AGGRESSIVE;
				GCC_WARN_UNUSED_FUNCTION = YES;
				GCC_WARN_UNUSED_VARIABLE = YES;
				IPHONEOS_DEPLOYMENT_TARGET = 8.1;
				MTL_ENABLE_DEBUG_INFO = YES;
				ONLY_ACTIVE_ARCH = YES;
				SDKROOT = iphoneos;
				SWIFT_OPTIMIZATION_LEVEL = "-Onone";
			};
			name = Debug;
		};
		F4702A0E1A7F27DC00E30A3C /* Release */ = {
			isa = XCBuildConfiguration;
			buildSettings = {
				ALWAYS_SEARCH_USER_PATHS = NO;
				CLANG_CXX_LANGUAGE_STANDARD = "gnu++0x";
				CLANG_CXX_LIBRARY = "libc++";
				CLANG_ENABLE_MODULES = YES;
				CLANG_ENABLE_OBJC_ARC = YES;
				CLANG_WARN_BLOCK_CAPTURE_AUTORELEASING = YES;
				CLANG_WARN_BOOL_CONVERSION = YES;
				CLANG_WARN_COMMA = YES;
				CLANG_WARN_CONSTANT_CONVERSION = YES;
				CLANG_WARN_DEPRECATED_OBJC_IMPLEMENTATIONS = YES;
				CLANG_WARN_DIRECT_OBJC_ISA_USAGE = YES_ERROR;
				CLANG_WARN_EMPTY_BODY = YES;
				CLANG_WARN_ENUM_CONVERSION = YES;
				CLANG_WARN_INFINITE_RECURSION = YES;
				CLANG_WARN_INT_CONVERSION = YES;
				CLANG_WARN_NON_LITERAL_NULL_CONVERSION = YES;
				CLANG_WARN_OBJC_IMPLICIT_RETAIN_SELF = YES;
				CLANG_WARN_OBJC_LITERAL_CONVERSION = YES;
				CLANG_WARN_OBJC_ROOT_CLASS = YES_ERROR;
				CLANG_WARN_RANGE_LOOP_ANALYSIS = YES;
				CLANG_WARN_STRICT_PROTOTYPES = YES;
				CLANG_WARN_SUSPICIOUS_MOVE = YES;
				CLANG_WARN_UNREACHABLE_CODE = YES;
				CLANG_WARN__DUPLICATE_METHOD_MATCH = YES;
				"CODE_SIGN_IDENTITY[sdk=iphoneos*]" = "iPhone Developer";
				COPY_PHASE_STRIP = YES;
				ENABLE_NS_ASSERTIONS = NO;
				ENABLE_STRICT_OBJC_MSGSEND = YES;
				GCC_C_LANGUAGE_STANDARD = gnu99;
				GCC_NO_COMMON_BLOCKS = YES;
				GCC_WARN_64_TO_32_BIT_CONVERSION = YES;
				GCC_WARN_ABOUT_RETURN_TYPE = YES_ERROR;
				GCC_WARN_UNDECLARED_SELECTOR = YES;
				GCC_WARN_UNINITIALIZED_AUTOS = YES_AGGRESSIVE;
				GCC_WARN_UNUSED_FUNCTION = YES;
				GCC_WARN_UNUSED_VARIABLE = YES;
				IPHONEOS_DEPLOYMENT_TARGET = 8.1;
				MTL_ENABLE_DEBUG_INFO = NO;
				SDKROOT = iphoneos;
				SWIFT_COMPILATION_MODE = wholemodule;
				VALIDATE_PRODUCT = YES;
			};
			name = Release;
		};
		F4702A101A7F27DC00E30A3C /* Debug */ = {
			isa = XCBuildConfiguration;
			buildSettings = {
				ASSETCATALOG_COMPILER_APPICON_NAME = AppIcon;
				CLANG_ENABLE_MODULES = YES;
				DEVELOPMENT_TEAM = D2V899229R;
				INFOPLIST_FILE = SidebarMenu/Info.plist;
				IPHONEOS_DEPLOYMENT_TARGET = 11.0;
				LD_RUNPATH_SEARCH_PATHS = "$(inherited) @executable_path/Frameworks";
				PRODUCT_BUNDLE_IDENTIFIER = com.serajeapp.ShopSmart;
				PRODUCT_NAME = "$(TARGET_NAME)";
				SWIFT_OBJC_BRIDGING_HEADER = "SidebarMenu/SidebarMenu-Bridging-Header.h";
				SWIFT_OPTIMIZATION_LEVEL = "-Onone";
				SWIFT_VERSION = 4.0;
			};
			name = Debug;
		};
		F4702A111A7F27DC00E30A3C /* Release */ = {
			isa = XCBuildConfiguration;
			buildSettings = {
				ASSETCATALOG_COMPILER_APPICON_NAME = AppIcon;
				CLANG_ENABLE_MODULES = YES;
				DEVELOPMENT_TEAM = D2V899229R;
				INFOPLIST_FILE = SidebarMenu/Info.plist;
				IPHONEOS_DEPLOYMENT_TARGET = 11.0;
				LD_RUNPATH_SEARCH_PATHS = "$(inherited) @executable_path/Frameworks";
				PRODUCT_BUNDLE_IDENTIFIER = com.serajeapp.ShopSmart;
				PRODUCT_NAME = "$(TARGET_NAME)";
				SWIFT_OBJC_BRIDGING_HEADER = "SidebarMenu/SidebarMenu-Bridging-Header.h";
				SWIFT_VERSION = 4.0;
			};
			name = Release;
		};
		F4702A131A7F27DC00E30A3C /* Debug */ = {
			isa = XCBuildConfiguration;
			buildSettings = {
				BUNDLE_LOADER = "$(TEST_HOST)";
				FRAMEWORK_SEARCH_PATHS = (
					"$(SDKROOT)/Developer/Library/Frameworks",
					"$(inherited)",
				);
				GCC_PREPROCESSOR_DEFINITIONS = (
					"DEBUG=1",
					"$(inherited)",
				);
				INFOPLIST_FILE = SidebarMenuTests/Info.plist;
				LD_RUNPATH_SEARCH_PATHS = "$(inherited) @executable_path/Frameworks @loader_path/Frameworks";
				PRODUCT_BUNDLE_IDENTIFIER = "com.appcoda.$(PRODUCT_NAME:rfc1034identifier)";
				PRODUCT_NAME = "$(TARGET_NAME)";
				SWIFT_VERSION = 4.0;
				TEST_HOST = "$(BUILT_PRODUCTS_DIR)/SidebarMenu.app/SidebarMenu";
			};
			name = Debug;
		};
		F4702A141A7F27DC00E30A3C /* Release */ = {
			isa = XCBuildConfiguration;
			buildSettings = {
				BUNDLE_LOADER = "$(TEST_HOST)";
				FRAMEWORK_SEARCH_PATHS = (
					"$(SDKROOT)/Developer/Library/Frameworks",
					"$(inherited)",
				);
				INFOPLIST_FILE = SidebarMenuTests/Info.plist;
				LD_RUNPATH_SEARCH_PATHS = "$(inherited) @executable_path/Frameworks @loader_path/Frameworks";
				PRODUCT_BUNDLE_IDENTIFIER = "com.appcoda.$(PRODUCT_NAME:rfc1034identifier)";
				PRODUCT_NAME = "$(TARGET_NAME)";
				SWIFT_VERSION = 4.0;
				TEST_HOST = "$(BUILT_PRODUCTS_DIR)/SidebarMenu.app/SidebarMenu";
			};
			name = Release;
		};
/* End XCBuildConfiguration section */

/* Begin XCConfigurationList section */
		F47029EB1A7F27DB00E30A3C /* Build configuration list for PBXProject "SidebarMenu" */ = {
			isa = XCConfigurationList;
			buildConfigurations = (
				F4702A0D1A7F27DC00E30A3C /* Debug */,
				F4702A0E1A7F27DC00E30A3C /* Release */,
			);
			defaultConfigurationIsVisible = 0;
			defaultConfigurationName = Release;
		};
		F4702A0F1A7F27DC00E30A3C /* Build configuration list for PBXNativeTarget "SidebarMenu" */ = {
			isa = XCConfigurationList;
			buildConfigurations = (
				F4702A101A7F27DC00E30A3C /* Debug */,
				F4702A111A7F27DC00E30A3C /* Release */,
			);
			defaultConfigurationIsVisible = 0;
			defaultConfigurationName = Release;
		};
		F4702A121A7F27DC00E30A3C /* Build configuration list for PBXNativeTarget "SidebarMenuTests" */ = {
			isa = XCConfigurationList;
			buildConfigurations = (
				F4702A131A7F27DC00E30A3C /* Debug */,
				F4702A141A7F27DC00E30A3C /* Release */,
			);
			defaultConfigurationIsVisible = 0;
			defaultConfigurationName = Release;
		};
/* End XCConfigurationList section */
	};
	rootObject = F47029E81A7F27DB00E30A3C /* Project object */;
}
